
Microsoft Visual Studio Solution File, Format Version 12.00
# Visual Studio Version 16
VisualStudioVersion = 16.0.30413.136
MinimumVisualStudioVersion = 10.0.40219.1
Project("{888888A0-9F3D-457C-B088-3A5042F75D52}") = "OE", "OE.pyproj", "{C8734FEC-23A4-4F02-BAE5-B1ACA3C2354C}"
EndProject
Global
	GlobalSection(SolutionConfigurationPlatforms) = preSolution
		Debug|Any CPU = Debug|Any CPU
		Release|Any CPU = Release|Any CPU
	EndGlobalSection
	GlobalSection(ProjectConfigurationPlatforms) = postSolution
		{C8734FEC-23A4-4F02-BAE5-B1ACA3C2354C}.Debug|Any CPU.ActiveCfg = Debug|Any CPU
		{C8734FEC-23A4-4F02-BAE5-B1ACA3C2354C}.Release|Any CPU.ActiveCfg = Release|Any CPU
	EndGlobalSection
	GlobalSection(SolutionProperties) = preSolution
		HideSolutionNode = FALSE
	EndGlobalSection
	GlobalSection(ExtensibilityGlobals) = postSolution
		SolutionGuid = {5B1DFB24-85EC-4928-A3DA-28E488E90CDD}
	EndGlobalSection
EndGlobal
